github.com/EXCCoin/exccd/chaincfg/chainhash v0.0.0-20230211225306-d2f2c1c04ab7 h1:bz7td1opgtD7omorAlP711UdrkjsaNn8u5E8u7AVf34=
github.com/EXCCoin/exccd/chaincfg/chainhash v0.0.0-20230211225306-d2f2c1c04ab7/go.mod h1:TtjGhhFlbfS1fOTl7avuIUsHsGnBAytY+jCs9Ei45E8=
github.com/EXCCoin/exccd/dcrjson/v4 v4.0.0-20230211225306-d2f2c1c04ab7 h1:1+umkEvyeg0TaCCpSJdi+vuQ/wob37fsQKrfVCGoVcE=
github.com/EXCCoin/exccd/dcrjson/v4 v4.0.0-20230211225306-d2f2c1c04ab7/go.mod h1:eGcm+0Lm+N/9MPXGJTMSfOZOqOy6jPmifScVUVLC3sU=
