github.com/EXCCoin/base58 v0.0.0-20180515090142-e1a805ee5d9f h1:ucGdoqYaaO8y9CF/Vvyl+LXcOKdqOclw1YXe59HknY8=
github.com/EXCCoin/base58 v0.0.0-20180515090142-e1a805ee5d9f/go.mod h1:FWlYa+QpsFceLY9PQfQrt5R64DlCpuCoDmmZDtN78Q8=
github.com/EXCCoin/exccd v0.0.0-20230211225306-d2f2c1c04ab7/go.mod h1:I7lcHtVb4/mf8BE02F58B73asYA05ECH+gvCKHi0upQ=
github.com/EXCCoin/exccd/addrmgr/v2 v2.0.0-20230222133511-27be5a3e13e3 h1:FzPcXXwlxgowgRHyChbRPzPjceimEx3ZhYpwyDQ0aN8=
github.com/EXCCoin/exccd/addrmgr/v2 v2.0.0-20230222133511-27be5a3e13e3/go.mod h1:Nn564p2e9DqG4AXgV1B3NMTcMIII0aXFRyWvRAywcuU=
github.com/EXCCoin/exccd/addrmgr/v2 v2.0.0-20230222134430-694fa0700495 h1:kYM9S4MqMUJDdg+XnsLkEk93Vay2NFiYYWmu+FT2Rpo=
github.com/EXCCoin/exccd/addrmgr/v2 v2.0.0-20230222134430-694fa0700495/go.mod h1:Nn564p2e9DqG4AXgV1B3NMTcMIII0aXFRyWvRAywcuU=
github.com/EXCCoin/exccd/bech32 v0.0.0-20230222133511-27be5a3e13e3 h1:zyd2/wZBcmvo1/2PFf6aqmZDDBPNSf7oKR8aJHxsAfM=
github.com/EXCCoin/exccd/bech32 v0.0.0-20230222133511-27be5a3e13e3/go.mod h1:gaPL3SBKG75CUfZwx78HgdSrSEmU+lltRcmVR/WAXHQ=
github.com/EXCCoin/exccd/bech32 v0.0.0-20230222134430-694fa0700495 h1:1dlappwI2ucl165qaCtzB3RX7FzDPvNjzUPdWjtujfg=
github.com/EXCCoin/exccd/bech32 v0.0.0-20230222134430-694fa0700495/go.mod h1:gaPL3SBKG75CUfZwx78HgdSrSEmU+lltRcmVR/WAXHQ=
github.com/EXCCoin/exccd/blockchain/stake/v4 v4.0.0-20230211225306-d2f2c1c04ab7/go.mod h1:QuyErKqh8dKlohlaIGLeCqukrrqOBsgxkTjvXDUF7/c=
github.com/EXCCoin/exccd/blockchain/stake/v4 v4.0.0-20230222133511-27be5a3e13e3 h1:GCrJnGE4dI7Lfw5pzHt9zzRMl1dK797PVn9E+mlvRiI=
github.com/EXCCoin/exccd/blockchain/stake/v4 v4.0.0-20230222133511-27be5a3e13e3/go.mod h1:CUieEVHllul0PBQA6fPjvlGW9xhQCqQ8uGVVK95yras=
github.com/EXCCoin/exccd/blockchain/stake/v4 v4.0.0-20230222134430-694fa0700495 h1:ypm9OitqjkgRpn0LP7nGCkjpl4z1JONReRVE0ulXp/U=
github.com/EXCCoin/exccd/blockchain/stake/v4 v4.0.0-20230222134430-694fa0700495/go.mod h1:CUieEVHllul0PBQA6fPjvlGW9xhQCqQ8uGVVK95yras=
github.com/EXCCoin/exccd/blockchain/standalone/v2 v2.0.0-20230211225306-d2f2c1c04ab7/go.mod h1:fYDzRi93wNdREdDlYubTbsHXyhr3+paC+E8UuyjYyc4=
github.com/EXCCoin/exccd/blockchain/standalone/v2 v2.0.0-20230222133511-27be5a3e13e3 h1:rPeRXMY6rIvqwQZSTB8eROqWB5ZORs4WA4UIGT0rT2c=
github.com/EXCCoin/exccd/blockchain/standalone/v2 v2.0.0-20230222133511-27be5a3e13e3/go.mod h1:WE6UVA8shGktSNNiYpEcNpagOaRspKAllN4GfW85iJc=
github.com/EXCCoin/exccd/blockchain/standalone/v2 v2.0.0-20230222134430-694fa0700495 h1:7DM1O81vKUKZrHlVM4d1RFnVT89boy/enCZ9kE+y7WA=
github.com/EXCCoin/exccd/blockchain/standalone/v2 v2.0.0-20230222134430-694fa0700495/go.mod h1:WE6UVA8shGktSNNiYpEcNpagOaRspKAllN4GfW85iJc=
github.com/EXCCoin/exccd/blockchain/v4 v4.0.0-20230222133511-27be5a3e13e3 h1:J9bj3OgNDWMHzfJsYfD+G5LTH57RZYATNceZ50kCgBo=
github.com/EXCCoin/exccd/blockchain/v4 v4.0.0-20230222133511-27be5a3e13e3/go.mod h1:guZDLPGbJ7MS3hqJzK1zRiFl6kZxP7lFojciG7zEiIk=
github.com/EXCCoin/exccd/blockchain/v4 v4.0.0-20230222134430-694fa0700495 h1:cuOMkxEKK2ozAvTmoUCj7oAJryvyfvMQfpOga8R9Djk=
github.com/EXCCoin/exccd/blockchain/v4 v4.0.0-20230222134430-694fa0700495/go.mod h1:guZDLPGbJ7MS3hqJzK1zRiFl6kZxP7lFojciG7zEiIk=
github.com/EXCCoin/exccd/certgen v0.0.0-20230222133511-27be5a3e13e3 h1:j8mZybqtHcSIwJHisI3y8HCz6/XCuBoo6JXDRIog5MQ=
github.com/EXCCoin/exccd/certgen v0.0.0-20230222133511-27be5a3e13e3/go.mod h1:+PXoOUe7OFJ526jHm1z/jn99G550giHnlkUvf3xyVV0=
github.com/EXCCoin/exccd/certgen v0.0.0-20230222134430-694fa0700495 h1:7INixE0Sdx211rlVC4vIn6wccIUfT7IlF4uN8ac7D8c=
github.com/EXCCoin/exccd/certgen v0.0.0-20230222134430-694fa0700495/go.mod h1:+PXoOUe7OFJ526jHm1z/jn99G550giHnlkUvf3xyVV0=
github.com/EXCCoin/exccd/chaincfg/chainhash v0.0.0-20230211225306-d2f2c1c04ab7/go.mod h1:TtjGhhFlbfS1fOTl7avuIUsHsGnBAytY+jCs9Ei45E8=
github.com/EXCCoin/exccd/chaincfg/chainhash v0.0.0-20230214161233-275859970533/go.mod h1:HugQl51HouJ13KKyxNQHARMq/mrpjfi7jUM2Iv3kgjI=
github.com/EXCCoin/exccd/chaincfg/chainhash v0.0.0-20230222133511-27be5a3e13e3 h1:VO8xK2s2gXABRkRXlcxmP9LwOar3cZoCljG02S6KBIE=
github.com/EXCCoin/exccd/chaincfg/chainhash v0.0.0-20230222133511-27be5a3e13e3/go.mod h1:ys9yYgU0MOSy9fG7vf8IelJbnlVCKaYNses/1kkwW/o=
github.com/EXCCoin/exccd/chaincfg/chainhash v0.0.0-20230222134430-694fa0700495 h1:e6HDGaBgZAeU4AM/ZBUWmlRjpejlhMsKC/MeXzOubvg=
github.com/EXCCoin/exccd/chaincfg/chainhash v0.0.0-20230222134430-694fa0700495/go.mod h1:ys9yYgU0MOSy9fG7vf8IelJbnlVCKaYNses/1kkwW/o=
github.com/EXCCoin/exccd/chaincfg/v3 v3.0.0-20230214161233-275859970533/go.mod h1:kI3is/m8omS08trtkDqyOkKAw2aVdQAyPcuLYN8qATU=
github.com/EXCCoin/exccd/chaincfg/v3 v3.0.0-20230222133511-27be5a3e13e3 h1:CZaRLQJbfI8/yryVocWo25dM+k4G/Zc1r+14Smwz6Yo=
github.com/EXCCoin/exccd/chaincfg/v3 v3.0.0-20230222133511-27be5a3e13e3/go.mod h1:r1QmI1cMHtL3qThQE/iAQD6Ia6mWHgbaBLms3p81VU4=
github.com/EXCCoin/exccd/chaincfg/v3 v3.0.0-20230222134430-694fa0700495 h1:zwJ+fjPTJ+MntQqs07wvA1BDE0oW28Sc/8x+pqEZT2M=
github.com/EXCCoin/exccd/chaincfg/v3 v3.0.0-20230222134430-694fa0700495/go.mod h1:r1QmI1cMHtL3qThQE/iAQD6Ia6mWHgbaBLms3p81VU4=
github.com/EXCCoin/exccd/connmgr/v3 v3.0.0-20230222133511-27be5a3e13e3 h1:Sv8QlelpoqKa2dQ5p3uy8cMOCT+DaTAkgZBsJpqZBfw=
github.com/EXCCoin/exccd/connmgr/v3 v3.0.0-20230222133511-27be5a3e13e3/go.mod h1:hADxbyzKrbCZhEcg0n+tGDfyFgLD8aF+zzfhkhuWtnA=
github.com/EXCCoin/exccd/connmgr/v3 v3.0.0-20230222134430-694fa0700495 h1:aGu5P+j2uDRVuL0Of/RJpx06QoVVNYr5uVNJJ8GObHc=
github.com/EXCCoin/exccd/connmgr/v3 v3.0.0-20230222134430-694fa0700495/go.mod h1:hADxbyzKrbCZhEcg0n+tGDfyFgLD8aF+zzfhkhuWtnA=
github.com/EXCCoin/exccd/container/apbf v0.0.0-20230222133511-27be5a3e13e3 h1:SuJD97sqUhEWlchy7VnMusN93UbhZb3z06f8G0kwNw4=
github.com/EXCCoin/exccd/container/apbf v0.0.0-20230222133511-27be5a3e13e3/go.mod h1:3mz79bQA2g6SVHUbk21PVR186pNeBiH8Tspz8Fy6p/s=
github.com/EXCCoin/exccd/container/apbf v0.0.0-20230222134430-694fa0700495 h1:uKGdUoquxCYNN14NEVunc4Spbw12OTG12AgLThJcoac=
github.com/EXCCoin/exccd/container/apbf v0.0.0-20230222134430-694fa0700495/go.mod h1:3mz79bQA2g6SVHUbk21PVR186pNeBiH8Tspz8Fy6p/s=
github.com/EXCCoin/exccd/crypto/blake256 v0.0.0-20230211225306-d2f2c1c04ab7/go.mod h1:gGGtDzi74jQyKPRjBKT/BSFoRbN33dmgNZgj8jgEFd0=
github.com/EXCCoin/exccd/crypto/blake256 v0.0.0-20230222133511-27be5a3e13e3 h1:pUzYHRTuACe1tjwiBv+nCxseF4CJF0nwpdTsm1DadUw=
github.com/EXCCoin/exccd/crypto/blake256 v0.0.0-20230222133511-27be5a3e13e3/go.mod h1:gGGtDzi74jQyKPRjBKT/BSFoRbN33dmgNZgj8jgEFd0=
github.com/EXCCoin/exccd/crypto/blake256 v0.0.0-20230222134430-694fa0700495 h1:LGX9jhE5t3r16OqrkWqRHNHHCzyUnFeJBJ8kiqFBBS0=
github.com/EXCCoin/exccd/crypto/blake256 v0.0.0-20230222134430-694fa0700495/go.mod h1:gGGtDzi74jQyKPRjBKT/BSFoRbN33dmgNZgj8jgEFd0=
github.com/EXCCoin/exccd/crypto/ripemd160 v0.0.0-20230211225306-d2f2c1c04ab7/go.mod h1:aHqP29TIbaWgcd1DlDCVc+QZZqNE5n13C7BHXHiKS0M=
github.com/EXCCoin/exccd/crypto/ripemd160 v0.0.0-20230222133511-27be5a3e13e3 h1:6rtiAzj60+7pjElniTAfq5iWh0MOT3/7+Kv/rK3ZYSY=
github.com/EXCCoin/exccd/crypto/ripemd160 v0.0.0-20230222133511-27be5a3e13e3/go.mod h1:aHqP29TIbaWgcd1DlDCVc+QZZqNE5n13C7BHXHiKS0M=
github.com/EXCCoin/exccd/crypto/ripemd160 v0.0.0-20230222134430-694fa0700495 h1:UIiZAEa90YZQT/ZLY+GnQD6O0O8RW77Tk55GlBb/rBU=
github.com/EXCCoin/exccd/crypto/ripemd160 v0.0.0-20230222134430-694fa0700495/go.mod h1:aHqP29TIbaWgcd1DlDCVc+QZZqNE5n13C7BHXHiKS0M=
github.com/EXCCoin/exccd/database/v3 v3.0.0-20230211225306-d2f2c1c04ab7/go.mod h1:8DVXSs+A5Ndvvm7VEoKof6l2i0oyV9I9tWs1EQXUdYg=
github.com/EXCCoin/exccd/database/v3 v3.0.0-20230222133511-27be5a3e13e3 h1:DWkG9A1AqdoYQcpWeDjKrhJi86MgCwCdEgBay49vZ+w=
github.com/EXCCoin/exccd/database/v3 v3.0.0-20230222133511-27be5a3e13e3/go.mod h1:dF6vrt61CQOL9JSdKj5ZQ8W+aisQ2CETquTSzuOQt9w=
github.com/EXCCoin/exccd/database/v3 v3.0.0-20230222134430-694fa0700495 h1:q74jr93diwObhGfTSZFb9XWuKZkm7qe5UH8LJeg53qk=
github.com/EXCCoin/exccd/database/v3 v3.0.0-20230222134430-694fa0700495/go.mod h1:dF6vrt61CQOL9JSdKj5ZQ8W+aisQ2CETquTSzuOQt9w=
github.com/EXCCoin/exccd/dcrec v0.0.0-20230211225306-d2f2c1c04ab7/go.mod h1:7rbiErKGJZ8XRgmcBzC09YLEBvSJAWMdxrBhW4WXI4w=
github.com/EXCCoin/exccd/dcrec v0.0.0-20230222133511-27be5a3e13e3 h1:puVgB+oEE/DawGWOtb/QhTcWj6Qs5PGrya10dEOeVYE=
github.com/EXCCoin/exccd/dcrec v0.0.0-20230222133511-27be5a3e13e3/go.mod h1:7rbiErKGJZ8XRgmcBzC09YLEBvSJAWMdxrBhW4WXI4w=
github.com/EXCCoin/exccd/dcrec v0.0.0-20230222134430-694fa0700495 h1:iWGI2UaJ+SNL7mn45PDGxhCTgnUWyf8GC3f8iY+/gK8=
github.com/EXCCoin/exccd/dcrec v0.0.0-20230222134430-694fa0700495/go.mod h1:7rbiErKGJZ8XRgmcBzC09YLEBvSJAWMdxrBhW4WXI4w=
github.com/EXCCoin/exccd/dcrec/edwards/v2 v2.0.0-20230211225306-d2f2c1c04ab7/go.mod h1:MlNonvPYgC7ZU/N3xZdUwIxlr127qxOmqL4ag1Ft+AE=
github.com/EXCCoin/exccd/dcrec/edwards/v2 v2.0.0-20230222133511-27be5a3e13e3 h1:fW1ZP+z9PSli/hh3UI9ZTNrHdyoP1PTtGLu13i0EJ8g=
github.com/EXCCoin/exccd/dcrec/edwards/v2 v2.0.0-20230222133511-27be5a3e13e3/go.mod h1:MlNonvPYgC7ZU/N3xZdUwIxlr127qxOmqL4ag1Ft+AE=
github.com/EXCCoin/exccd/dcrec/edwards/v2 v2.0.0-20230222134430-694fa0700495 h1:SxrLgtKwRFub2lKRAPT8y1OHDoRm+ll9zQ8y9sx8RN0=
github.com/EXCCoin/exccd/dcrec/edwards/v2 v2.0.0-20230222134430-694fa0700495/go.mod h1:MlNonvPYgC7ZU/N3xZdUwIxlr127qxOmqL4ag1Ft+AE=
github.com/EXCCoin/exccd/dcrec/secp256k1/v4 v4.0.0-20230211225306-d2f2c1c04ab7/go.mod h1:JZpGOVIOQe+XBfwcc/OZMGCPkl7ZTxi3E5TT2GWri5s=
github.com/EXCCoin/exccd/dcrec/secp256k1/v4 v4.0.0-20230222133511-27be5a3e13e3 h1:SaCxUXAXzB/ntPRMEc/R25RfI3OPyA1rF4Ehu4DuGFE=
github.com/EXCCoin/exccd/dcrec/secp256k1/v4 v4.0.0-20230222133511-27be5a3e13e3/go.mod h1:EUqyizTFRSaMIpL8RSOEPwrvR/oQTA05JcI8iQeEeNw=
github.com/EXCCoin/exccd/dcrec/secp256k1/v4 v4.0.0-20230222134430-694fa0700495 h1:L3Od4bf/RxnY8UdnHkFzGhydGbbDJttiN95Vu4PezmA=
github.com/EXCCoin/exccd/dcrec/secp256k1/v4 v4.0.0-20230222134430-694fa0700495/go.mod h1:EUqyizTFRSaMIpL8RSOEPwrvR/oQTA05JcI8iQeEeNw=
github.com/EXCCoin/exccd/dcrjson/v4 v4.0.0-20230211225306-d2f2c1c04ab7/go.mod h1:eGcm+0Lm+N/9MPXGJTMSfOZOqOy6jPmifScVUVLC3sU=
github.com/EXCCoin/exccd/dcrjson/v4 v4.0.0-20230222133511-27be5a3e13e3 h1:2gpud0Ul8Gh40ebMUiInUQqOGabMaaK2XZDZRzYi0fo=
github.com/EXCCoin/exccd/dcrjson/v4 v4.0.0-20230222133511-27be5a3e13e3/go.mod h1:VmejCq4m3a6vBXQPNgAWdpM4yakb30dX6MM0jobtgw8=
github.com/EXCCoin/exccd/dcrjson/v4 v4.0.0-20230222134430-694fa0700495 h1:PssK+70ozmYNvdgCgIkgL4KvZt6+R+MjmkveJX3BpO0=
github.com/EXCCoin/exccd/dcrjson/v4 v4.0.0-20230222134430-694fa0700495/go.mod h1:VmejCq4m3a6vBXQPNgAWdpM4yakb30dX6MM0jobtgw8=
github.com/EXCCoin/exccd/dcrutil/v4 v4.0.0-20230211225306-d2f2c1c04ab7/go.mod h1:cv/6WVeZNrgWoT6A7T2X3R62gZRoE4wnLq3VpAppyb8=
github.com/EXCCoin/exccd/dcrutil/v4 v4.0.0-20230222133511-27be5a3e13e3 h1:QFP3iGQB/i26/PH0xAerVrtKHJIRw5UNn3nSstTdV6A=
github.com/EXCCoin/exccd/dcrutil/v4 v4.0.0-20230222133511-27be5a3e13e3/go.mod h1:vbapPOATKqUQFF2h9rU5zYTxd12w0Ckct3/U0v8vskc=
github.com/EXCCoin/exccd/dcrutil/v4 v4.0.0-20230222134430-694fa0700495 h1:mJEM4dlXRRhU837VdN2bGdD2WCxCdah5kydsBu5i+7s=
github.com/EXCCoin/exccd/dcrutil/v4 v4.0.0-20230222134430-694fa0700495/go.mod h1:vbapPOATKqUQFF2h9rU5zYTxd12w0Ckct3/U0v8vskc=
github.com/EXCCoin/exccd/gcs/v3 v3.0.0-20230211225306-d2f2c1c04ab7/go.mod h1:jVO6WRBMUeOVIPCVocWwTsG9SugpwUjC/g3/3fw9l2M=
github.com/EXCCoin/exccd/gcs/v3 v3.0.0-20230222133511-27be5a3e13e3 h1:aqwvLPBQHcXoAZlj1u2ZItZwnBNk4rWm2NX8bsT8GAM=
github.com/EXCCoin/exccd/gcs/v3 v3.0.0-20230222133511-27be5a3e13e3/go.mod h1:li8c5OvndclKakTjHE29CP1FmaggSxI0+dsSZeektDI=
github.com/EXCCoin/exccd/gcs/v3 v3.0.0-20230222134430-694fa0700495 h1:QDOK1vnPtuhJd7MI/yocM9OuCtSZslvO7Du42vIp6cM=
github.com/EXCCoin/exccd/gcs/v3 v3.0.0-20230222134430-694fa0700495/go.mod h1:li8c5OvndclKakTjHE29CP1FmaggSxI0+dsSZeektDI=
github.com/EXCCoin/exccd/hdkeychain/v3 v3.0.0-20230222133511-27be5a3e13e3 h1:E9VuFBXcfamFC0AonLUZKyGOva1vq3IDdXYrUXBzVTc=
github.com/EXCCoin/exccd/hdkeychain/v3 v3.0.0-20230222133511-27be5a3e13e3/go.mod h1:1lkkvJsiBdpoWXte3x5MoJSsP+X4aRUkM/wTeZnUPjQ=
github.com/EXCCoin/exccd/lru v0.0.0-20230211225306-d2f2c1c04ab7/go.mod h1:+ie7yw1FJMFFjIBeCZFT5pjwlDt7fsGkl4MiNMNNgaU=
github.com/EXCCoin/exccd/lru v0.0.0-20230222133511-27be5a3e13e3 h1:/b6lTVub3kD4s9fGXJQAq5Tin5oSmat98l1pdHSYBuI=
github.com/EXCCoin/exccd/lru v0.0.0-20230222133511-27be5a3e13e3/go.mod h1:+ie7yw1FJMFFjIBeCZFT5pjwlDt7fsGkl4MiNMNNgaU=
github.com/EXCCoin/exccd/lru v0.0.0-20230222134430-694fa0700495 h1:Ca4/gavpcBUnng9PPSrJ3JMmMmOvvdYEH00w+3aa/LY=
github.com/EXCCoin/exccd/lru v0.0.0-20230222134430-694fa0700495/go.mod h1:+ie7yw1FJMFFjIBeCZFT5pjwlDt7fsGkl4MiNMNNgaU=
github.com/EXCCoin/exccd/math/uint256 v0.0.0-20230222133511-27be5a3e13e3 h1:+Ijn1FB+5L6cdVdlGCIX6EIXgxWgz7qA2OA0Sunsk3E=
github.com/EXCCoin/exccd/math/uint256 v0.0.0-20230222133511-27be5a3e13e3/go.mod h1:U2/X2D3avM9VELcUj3KbWvcwKV6tUQGbjZQhRp+fpSQ=
github.com/EXCCoin/exccd/peer/v3 v3.0.0-20230222133511-27be5a3e13e3 h1:omNVuCro/WQobpGnWKk5YScahsoL+tOkYWA1vXYcGk8=
github.com/EXCCoin/exccd/peer/v3 v3.0.0-20230222133511-27be5a3e13e3/go.mod h1:qBsTLQvXGhCIPTVOAyAc/La0ERfaExBhSarxpPeArhI=
github.com/EXCCoin/exccd/peer/v3 v3.0.0-20230222134430-694fa0700495 h1:ZigKb1XIEqN1G4cILYIa5efkGx1yajm809LxJvJv23A=
github.com/EXCCoin/exccd/peer/v3 v3.0.0-20230222134430-694fa0700495/go.mod h1:qBsTLQvXGhCIPTVOAyAc/La0ERfaExBhSarxpPeArhI=
github.com/EXCCoin/exccd/rpc/jsonrpc/types/v3 v3.0.0-20230211225306-d2f2c1c04ab7/go.mod h1:Cbe46xQk1A4vzymLLwHuTT+IElHheJZeHCPsrdr+t80=
github.com/EXCCoin/exccd/rpc/jsonrpc/types/v3 v3.0.0-20230222133511-27be5a3e13e3 h1:dDTT0Jg/LurFmQpbkVW3a3qHIYxtsRQAKmZsT62VUos=
github.com/EXCCoin/exccd/rpc/jsonrpc/types/v3 v3.0.0-20230222133511-27be5a3e13e3/go.mod h1:j/E8Y5oYHQudKs2qlETAlyF46/8Wc4+FBvwyTUApKxE=
github.com/EXCCoin/exccd/rpc/jsonrpc/types/v3 v3.0.0-20230222134430-694fa0700495 h1:fY3Ve40DvmfM2/it0NRmAfpn8q3d9lcrChtUplPpYDM=
github.com/EXCCoin/exccd/rpc/jsonrpc/types/v3 v3.0.0-20230222134430-694fa0700495/go.mod h1:j/E8Y5oYHQudKs2qlETAlyF46/8Wc4+FBvwyTUApKxE=
github.com/EXCCoin/exccd/rpcclient/v7 v7.0.0-20230222133511-27be5a3e13e3 h1:utpBWe//dRG3TyIF13lzF8VFcpi4WFC/vbxSDn5vx/Y=
github.com/EXCCoin/exccd/rpcclient/v7 v7.0.0-20230222133511-27be5a3e13e3/go.mod h1:SUHhCLWfb82W+PzqXg4JtAx2aYivNhEUf3/oWRWc20M=
github.com/EXCCoin/exccd/txscript/v4 v4.0.0-20230211225306-d2f2c1c04ab7/go.mod h1:uwHzVSsqy6pHCawMW8PjLYig7e3NGwFHqbLKXKluCkY=
github.com/EXCCoin/exccd/txscript/v4 v4.0.0-20230222133511-27be5a3e13e3 h1:agAo7LRER63wRNACxUm1hDJV5p+bi4cxDkbFX8BC9/4=
github.com/EXCCoin/exccd/txscript/v4 v4.0.0-20230222133511-27be5a3e13e3/go.mod h1:pYGKm1xXM41xIu4D7TaID9ZX0hppWlLfL3tVw0eUVHM=
github.com/EXCCoin/exccd/txscript/v4 v4.0.0-20230222134430-694fa0700495 h1:+IjWlKUYEbKd+328MaHps5zbnPbSErh8LSCqD/z2w3I=
github.com/EXCCoin/exccd/txscript/v4 v4.0.0-20230222134430-694fa0700495/go.mod h1:pYGKm1xXM41xIu4D7TaID9ZX0hppWlLfL3tVw0eUVHM=
github.com/EXCCoin/exccd/wire v0.0.0-20230211225306-d2f2c1c04ab7/go.mod h1:t749GfscEfBEITr5QKVVWH8Fgfg3VD4vYzMSDdBsg7Y=
github.com/EXCCoin/exccd/wire v0.0.0-20230214161233-275859970533/go.mod h1:el5FLbXOcf7c23bJEl29h8Anj9jMTHp/yhJTBs9Nf8E=
github.com/EXCCoin/exccd/wire v0.0.0-20230222133511-27be5a3e13e3 h1:hpu93viBDqWZeVZs4njkvU2/rfTw1NGy4T8gsYZATkc=
github.com/EXCCoin/exccd/wire v0.0.0-20230222133511-27be5a3e13e3/go.mod h1:Ful+jkeQxfQZB7I2NjeWCe7xXaH5U0BI6Fo6u6uujRk=
github.com/EXCCoin/exccd/wire v0.0.0-20230222134430-694fa0700495 h1:QdzU/tkEwoV7Bx5iM+piSou+k7rKYymdM/oicZh/kLY=
github.com/EXCCoin/exccd/wire v0.0.0-20230222134430-694fa0700495/go.mod h1:Ful+jkeQxfQZB7I2NjeWCe7xXaH5U0BI6Fo6u6uujRk=
github.com/agl/ed25519 v0.0.0-20170116200512-5312a6153412 h1:w1UutsfOrms1J05zt7ISrnJIXKzwaspym5BTKGx93EI=
github.com/agl/ed25519 v0.0.0-20170116200512-5312a6153412/go.mod h1:WPjqKcmVOxf0XSf3YxCJs6N6AOSrOx3obionmG7T0y0=
github.com/davecgh/go-spew v1.1.1 h1:vj9j/u1bqnvCEfJOwUhtlOARqs3+rkHYY13jYWTU97c=
github.com/davecgh/go-spew v1.1.1/go.mod h1:J7Y8YcW2NihsgmVo/mv3lAwl/skON4iLHjSsI+c5H38=
github.com/dchest/siphash v1.2.2/go.mod h1:q+IRvb2gOSrUnYoPqHiyHXS0FOBBOdl6tONBlVnOnt4=
github.com/dchest/siphash v1.2.3 h1:QXwFc8cFOR2dSa/gE6o/HokBMWtLUaNDVd+22aKHeEA=
github.com/dchest/siphash v1.2.3/go.mod h1:0NvQU092bT0ipiFN++/rXm69QG9tVxLAlQHIXMPAkHc=
github.com/decred/go-socks v1.1.0 h1:dnENcc0KIqQo3HSXdgboXAHgqsCIutkqq6ntQjYtm2U=
github.com/decred/go-socks v1.1.0/go.mod h1:sDhHqkZH0X4JjSa02oYOGhcGHYp12FsY1jQ/meV8md0=
github.com/decred/slog v1.2.0 h1:soHAxV52B54Di3WtKLfPum9OFfWqwtf/ygf9njdfnPM=
github.com/decred/slog v1.2.0/go.mod h1:kVXlGnt6DHy2fV5OjSeuvCJ0OmlmTF6LFpEPMu/fOY0=
github.com/fsnotify/fsnotify v1.4.7/go.mod h1:jwhsz4b93w/PPRr/qN1Yymfu8t87LnFCMoQvtojpjFo=
github.com/fsnotify/fsnotify v1.4.9 h1:hsms1Qyu0jgnwNXIxa+/V/PDsU6CfLf6CNO8H7IWoS4=
github.com/fsnotify/fsnotify v1.4.9/go.mod h1:znqG4EE+3YCdAaPaxE2ZRY/06pZUdp0tY4IgpuI1SZQ=
github.com/golang/protobuf v1.2.0/go.mod h1:6lQm79b+lXiMfvg/cZm0SGofjICqVBUtrP5yJMmIC1U=
github.com/golang/protobuf v1.4.0-rc.1/go.mod h1:ceaxUfeHdC40wWswd/P6IGgMaK3YpKi5j83Wpe3EHw8=
github.com/golang/protobuf v1.4.0-rc.1.0.20200221234624-67d41d38c208/go.mod h1:xKAWHe0F5eneWXFV3EuXVDTCmh+JuBKY0li0aMyXATA=
github.com/golang/protobuf v1.4.0-rc.2/go.mod h1:LlEzMj4AhA7rCAGe4KMBDvJI+AwstrUpVNzEA03Pprs=
github.com/golang/protobuf v1.4.0-rc.4.0.20200313231945-b860323f09d0/go.mod h1:WU3c8KckQ9AFe+yFwt9sWVRKCVIyN9cPHBJSNnbL67w=
github.com/golang/protobuf v1.4.0/go.mod h1:jodUvKwWbYaEsadDk5Fwe5c77LiNKVO9IDvqG2KuDX0=
github.com/golang/protobuf v1.4.2/go.mod h1:oDoupMAO8OvCJWAcko0GGGIgR6R6ocIYbsSw735rRwI=
github.com/golang/snappy v0.0.4 h1:yAGX7huGHXlcLOEtBnF4w7FQwA26wojNCwOYAEhLjQM=
github.com/golang/snappy v0.0.4/go.mod h1:/XxbfmMg8lxefKM7IXC3fBNl/7bRcc72aCRzEWrmP2Q=
github.com/google/go-cmp v0.3.0/go.mod h1:8QqcDgzrUqlUb/G2PQTWiueGozuR1884gddMywk6iLU=
github.com/google/go-cmp v0.3.1/go.mod h1:8QqcDgzrUqlUb/G2PQTWiueGozuR1884gddMywk6iLU=
github.com/google/go-cmp v0.4.0/go.mod h1:v8dTdLbMG2kIc/vJvl+f65V22dbkXbowE6jgT/gNBxE=
github.com/gorilla/websocket v1.4.2/go.mod h1:YR8l580nyteQvAITg2hZ9XVh4b55+EU/adAjf1fMHhE=
github.com/gorilla/websocket v1.5.0 h1:PPwGk2jz7EePpoHN/+ClbZu8SPxiqlu12wZP/3sWmnc=
github.com/gorilla/websocket v1.5.0/go.mod h1:YR8l580nyteQvAITg2hZ9XVh4b55+EU/adAjf1fMHhE=
github.com/hpcloud/tail v1.0.0/go.mod h1:ab1qPbhIpdTxEkNHXyeSf5vhxWSCs/tWer42PpOxQnU=
github.com/jessevdk/go-flags v1.4.0/go.mod h1:4FA24M0QyGHXBuZZK/XkWh8h0e1EYbRYJSGM75WSRxI=
github.com/jessevdk/go-flags v1.5.0 h1:1jKYvbxEjfUl0fmqTCOfonvskHHXMjBySTLW4y9LFvc=
github.com/jessevdk/go-flags v1.5.0/go.mod h1:Fw0T6WPc1dYxT4mKEZRfG5kJhaTDP9pj1c2EWnYs/m4=
github.com/jrick/bitset v1.0.0 h1:Ws0PXV3PwXqWK2n7Vz6idCdrV/9OrBXgHEJi27ZB9Dw=
github.com/jrick/bitset v1.0.0/go.mod h1:ZOYB5Uvkla7wIEY4FEssPVi3IQXa02arznRaYaAEPe4=
github.com/jrick/logrotate v1.0.0 h1:lQ1bL/n9mBNeIXoTUoYRlK4dHuNJVofX9oWqBtPnSzI=
github.com/jrick/logrotate v1.0.0/go.mod h1:LNinyqDIJnpAur+b8yyulnQw/wDuN1+BYKlTRt3OuAQ=
github.com/mattn/go-pointer v0.0.1 h1:n+XhsuGeVO6MEAp7xyEukFINEa+Quek5psIR/ylA6o0=
github.com/mattn/go-pointer v0.0.1/go.mod h1:2zXcozF6qYGgmsG+SeTZz3oAbFLdD3OWqnUbNvJZAlc=
github.com/nxadm/tail v1.4.4 h1:DQuhQpB1tVlglWS2hLQ5OV6B5r8aGxSrPc5Qo6uTN78=
github.com/nxadm/tail v1.4.4/go.mod h1:kenIhsEOeOJmVchQTgglprH7qJGnHDVpk1VPCcaMI8A=
github.com/onsi/ginkgo v1.6.0/go.mod h1:lLunBs/Ym6LB5Z9jYTR76FiuTmxDTDusOGeTQH+WWjE=
github.com/onsi/ginkgo v1.12.1/go.mod h1:zj2OWP4+oCPe1qIXoGWkgMRwljMUYCdkwsT2108oapk=
github.com/onsi/ginkgo v1.14.0 h1:2mOpI4JVVPBN+WQRa0WKH2eXR+Ey+uK4n7Zj0aYpIQA=
github.com/onsi/ginkgo v1.14.0/go.mod h1:iSB4RoI2tjJc9BBv4NKIKWKya62Rps+oPG/Lv9klQyY=
github.com/onsi/gomega v1.7.1/go.mod h1:XdKZgCCFLUoM/7CFJVPcG8C1xQ1AJ0vpAezJrB7JYyY=
github.com/onsi/gomega v1.10.1 h1:o0+MgICZLuZ7xjH7Vx6zS/zcu93/BEp1VwkIW1mEXCE=
github.com/onsi/gomega v1.10.1/go.mod h1:iN09h71vgCQne3DLsj+A5owkum+a2tYe+TOCB1ybHNo=
github.com/syndtr/goleveldb v1.0.1-0.20210819022825-2ae1ddf74ef7 h1:epCh84lMvA70Z7CTTCmYQn2CKbY8j86K7/FAIr141uY=
github.com/syndtr/goleveldb v1.0.1-0.20210819022825-2ae1ddf74ef7/go.mod h1:q4W45IWZaF22tdD+VEXcAWRA037jwmWEB5VWYORlTpc=
github.com/yuin/goldmark v1.4.13/go.mod h1:6yULJ656Px+3vBD8DxQVa3kxgyrAnzto9xy5taEt/CY=
golang.org/x/crypto v0.0.0-20190308221718-c2843e01d9a2/go.mod h1:djNgcEr1/C05ACkg1iLfiJU5Ep61QUkGW8qpdssI0+w=
golang.org/x/crypto v0.0.0-20200622213623-75b288015ac9/go.mod h1:LzIPMQfyMNhhGPhUkYOs5KpL4U8rLKemX1yGLhDgUto=
golang.org/x/crypto v0.0.0-20210921155107-089bfa567519/go.mod h1:GvvjBRRGRdwPK5ydBHafDWAxML/pGHZbMvKqRZ5+Abc=
golang.org/x/crypto v0.5.0/go.mod h1:NK/OQwhpMQP3MwtdjgLlYHnH9ebylxKWv3e0fK+mkQU=
golang.org/x/crypto v0.6.0 h1:qfktjS5LUO+fFKeJXZ+ikTRijMmljikvG68fpMMruSc=
golang.org/x/crypto v0.6.0/go.mod h1:OFC/31mSvZgRz0V1QTNCzfAI1aIRzbiufJtkMIlEp58=
golang.org/x/mod v0.6.0-dev.0.20220419223038-86c51ed26bb4/go.mod h1:jJ57K6gSWd91VN4djpZkiMVwK6gcyfeH4XE8wZrZaV4=
golang.org/x/net v0.0.0-20180906233101-161cd47e91fd/go.mod h1:mL1N/T3taQHkDXs73rZJwtUhF3w3ftmwwsq0BUmARs4=
golang.org/x/net v0.0.0-20190404232315-eb5bcb51f2a3/go.mod h1:t9HGtf8HONx5eT2rtn7q6eTqICYqUVnKs3thJo3Qplg=
golang.org/x/net v0.0.0-20190620200207-3b0461eec859/go.mod h1:z5CRVTTTmAJ677TzLLGU+0bjPO0LkuOLi4/5GtJWs/s=
golang.org/x/net v0.0.0-20200520004742-59133d7f0dd7/go.mod h1:qpuaurCH72eLCgpAm/N6yyVIVM9cpaDIP3A8BGJEC5A=
golang.org/x/net v0.0.0-20200813134508-3edf25e44fcc/go.mod h1:/O7V0waA8r7cgGh81Ro3o1hOxt32SMVPicZroKQ2sZA=
golang.org/x/net v0.0.0-20210226172049-e18ecbb05110/go.mod h1:m0MpNAwzfU5UDzcl9v0D8zg8gWTRqZa9RBIspLL5mdg=
golang.org/x/net v0.0.0-20220722155237-a158d28d115b/go.mod h1:XRhObCWvk6IyKnWLug+ECip1KBveYUHfp+8e9klMJ9c=
golang.org/x/net v0.5.0/go.mod h1:DivGGAXEgPSlEBzxGzZI+ZLohi+xUj054jfeKui00ws=
golang.org/x/net v0.6.0 h1:L4ZwwTvKW9gr0ZMS1yrHD9GZhIuVjOBBnaKH+SPQK0Q=
golang.org/x/net v0.6.0/go.mod h1:2Tu9+aMcznHK/AK1HMvgo6xiTLG5rD5rZLDS+rp2Bjs=
golang.org/x/net v0.7.0 h1:rJrUqqhjsgNp7KqAIc25s9pZnjU7TUcSY7HcVZjdn1g=
golang.org/x/net v0.7.0/go.mod h1:2Tu9+aMcznHK/AK1HMvgo6xiTLG5rD5rZLDS+rp2Bjs=
golang.org/x/sync v0.0.0-20180314180146-1d60e4601c6f/go.mod h1:RxMgew5VJxzue5/jJTE5uejpjVlOe/izrB70Jof72aM=
golang.org/x/sync v0.0.0-20190423024810-112230192c58/go.mod h1:RxMgew5VJxzue5/jJTE5uejpjVlOe/izrB70Jof72aM=
golang.org/x/sync v0.0.0-20220722155255-886fb9371eb4/go.mod h1:RxMgew5VJxzue5/jJTE5uejpjVlOe/izrB70Jof72aM=
golang.org/x/sys v0.0.0-20180909124046-d0be0721c37e/go.mod h1:STP8DvDyc/dI5b8T5hshtkjS+E42TnysNCUPdjciGhY=
golang.org/x/sys v0.0.0-20190215142949-d0b11bdaac8a/go.mod h1:STP8DvDyc/dI5b8T5hshtkjS+E42TnysNCUPdjciGhY=
golang.org/x/sys v0.0.0-20190412213103-97732733099d/go.mod h1:h1NjWce9XRLGQEsW7wpKNCjG9DtNlClVuFLEZdDNbEs=
golang.org/x/sys v0.0.0-20190904154756-749cb33beabd/go.mod h1:h1NjWce9XRLGQEsW7wpKNCjG9DtNlClVuFLEZdDNbEs=
golang.org/x/sys v0.0.0-20191005200804-aed5e4c7ecf9/go.mod h1:h1NjWce9XRLGQEsW7wpKNCjG9DtNlClVuFLEZdDNbEs=
golang.org/x/sys v0.0.0-20191120155948-bd437916bb0e/go.mod h1:h1NjWce9XRLGQEsW7wpKNCjG9DtNlClVuFLEZdDNbEs=
golang.org/x/sys v0.0.0-20200323222414-85ca7c5b95cd/go.mod h1:h1NjWce9XRLGQEsW7wpKNCjG9DtNlClVuFLEZdDNbEs=
golang.org/x/sys v0.0.0-20200519105757-fe76b779f299/go.mod h1:h1NjWce9XRLGQEsW7wpKNCjG9DtNlClVuFLEZdDNbEs=
golang.org/x/sys v0.0.0-20200814200057-3d37ad5750ed/go.mod h1:h1NjWce9XRLGQEsW7wpKNCjG9DtNlClVuFLEZdDNbEs=
golang.org/x/sys v0.0.0-20201119102817-f84b799fce68/go.mod h1:h1NjWce9XRLGQEsW7wpKNCjG9DtNlClVuFLEZdDNbEs=
golang.org/x/sys v0.0.0-20210320140829-1e4c9ba3b0c4/go.mod h1:h1NjWce9XRLGQEsW7wpKNCjG9DtNlClVuFLEZdDNbEs=
golang.org/x/sys v0.0.0-20210615035016-665e8c7367d1/go.mod h1:oPkhp1MJrh7nUepCBck5+mAzfO9JrbApNNgaTdGDITg=
golang.org/x/sys v0.0.0-20220520151302-bc2c85ada10a/go.mod h1:oPkhp1MJrh7nUepCBck5+mAzfO9JrbApNNgaTdGDITg=
golang.org/x/sys v0.0.0-20220722155257-8c9f86f7a55f/go.mod h1:oPkhp1MJrh7nUepCBck5+mAzfO9JrbApNNgaTdGDITg=
golang.org/x/sys v0.4.0/go.mod h1:oPkhp1MJrh7nUepCBck5+mAzfO9JrbApNNgaTdGDITg=
golang.org/x/sys v0.5.0 h1:MUK/U/4lj1t1oPg0HfuXDN/Z1wv31ZJ/YcPiGccS4DU=
golang.org/x/sys v0.5.0/go.mod h1:oPkhp1MJrh7nUepCBck5+mAzfO9JrbApNNgaTdGDITg=
golang.org/x/term v0.0.0-20201126162022-7de9c90e9dd1/go.mod h1:bj7SfCRtBDWHUb9snDiAeCFNEtKQo2Wmx5Cou7ajbmo=
golang.org/x/term v0.0.0-20210927222741-03fcf44c2211/go.mod h1:jbD1KX2456YbFQfuXm/mYQcufACuNUgVhRMnK/tPxf8=
golang.org/x/term v0.4.0/go.mod h1:9P2UbLfCdcvo3p/nzKvsmas4TnlujnuoV9hGgYzW1lQ=
golang.org/x/term v0.5.0 h1:n2a8QNdAb0sZNpU9R1ALUXBbY+w51fCQDN+7EdxNBsY=
golang.org/x/term v0.5.0/go.mod h1:jMB1sMXY+tzblOD4FWmEbocvup2/aLOaQEp7JmGp78k=
golang.org/x/text v0.3.0/go.mod h1:NqM8EUOU14njkJ3fqMW+pc6Ldnwhi/IjpwHt7yyuwOQ=
golang.org/x/text v0.3.2/go.mod h1:bEr9sfX3Q8Zfm5fL9x+3itogRgK3+ptLWKqgva+5dAk=
golang.org/x/text v0.3.3/go.mod h1:5Zoc/QRtKVWzQhOtBMvqHzDpF6irO9z98xDceosuGiQ=
golang.org/x/text v0.3.7/go.mod h1:u+2+/6zg+i71rQMx5EYifcz6MCKuco9NR6JIITiCfzQ=
golang.org/x/text v0.6.0/go.mod h1:mrYo+phRRbMaCq/xk9113O4dZlRixOauAjOtrjsXDZ8=
golang.org/x/text v0.7.0 h1:4BRB4x83lYWy72KwLD/qYDuTu7q9PjSagHvijDw7cLo=
golang.org/x/text v0.7.0/go.mod h1:mrYo+phRRbMaCq/xk9113O4dZlRixOauAjOtrjsXDZ8=
golang.org/x/tools v0.0.0-20180917221912-90fa682c2a6e/go.mod h1:n7NCudcB/nEzxVGmLbDWY5pfWTLqBcC2KZ6jyYvM4mQ=
golang.org/x/tools v0.0.0-20191119224855-298f0cb1881e/go.mod h1:b+2E5dAYhXwXZwtnZ6UAqBI28+e2cm9otk0dWdXHAEo=
golang.org/x/tools v0.1.12/go.mod h1:hNGJHUnrk76NpqgfD5Aqm5Crs+Hm0VOH/i9J2+nxYbc=
golang.org/x/xerrors v0.0.0-20190717185122-a985d3407aa7/go.mod h1:I/5z698sn9Ka8TeJc9MKroUUfqBBauWjQqLJ2OPfmY0=
golang.org/x/xerrors v0.0.0-20191204190536-9bdfabe68543/go.mod h1:I/5z698sn9Ka8TeJc9MKroUUfqBBauWjQqLJ2OPfmY0=
golang.org/x/xerrors v0.0.0-20200804184101-5ec99f83aff1 h1:go1bK/D/BFZV2I8cIQd1NKEZ+0owSTG1fDTci4IqFcE=
golang.org/x/xerrors v0.0.0-20200804184101-5ec99f83aff1/go.mod h1:I/5z698sn9Ka8TeJc9MKroUUfqBBauWjQqLJ2OPfmY0=
google.golang.org/protobuf v0.0.0-20200109180630-ec00e32a8dfd/go.mod h1:DFci5gLYBciE7Vtevhsrf46CRTquxDuWsQurQQe4oz8=
google.golang.org/protobuf v0.0.0-20200221191635-4d8936d0db64/go.mod h1:kwYJMbMJ01Woi6D6+Kah6886xMZcty6N08ah7+eCXa0=
google.golang.org/protobuf v0.0.0-20200228230310-ab0ca4ff8a60/go.mod h1:cfTl7dwQJ+fmap5saPgwCLgHXTUD7jkjRqWcaiX5VyM=
google.golang.org/protobuf v1.20.1-0.20200309200217-e05f789c0967/go.mod h1:A+miEFZTKqfCUM6K7xSMQL9OKL/b6hQv+e19PK+JZNE=
google.golang.org/protobuf v1.21.0/go.mod h1:47Nbq4nVaFHyn7ilMalzfO3qCViNmqZ2kzikPIcrTAo=
google.golang.org/protobuf v1.23.0/go.mod h1:EGpADcykh3NcUnDUJcl1+ZksZNG86OlYog2l/sGQquU=
gopkg.in/check.v1 v0.0.0-20161208181325-20d25e280405/go.mod h1:Co6ibVJAznAaIkqp8huTwlJQCZ016jof/cbN4VW5Yz0=
gopkg.in/fsnotify.v1 v1.4.7/go.mod h1:Tz8NjZHkW78fSQdbUxIjBTcgA1z1m8ZHf0WmKUhAMys=
gopkg.in/tomb.v1 v1.0.0-20141024135613-dd632973f1e7 h1:uRGJdciOHaEIrze2W8Q3AKkepLTh2hOroT7a+7czfdQ=
gopkg.in/tomb.v1 v1.0.0-20141024135613-dd632973f1e7/go.mod h1:dt/ZhP58zS4L8KSrWDmTeBkI65Dw0HsyUHuEVlX15mw=
gopkg.in/yaml.v2 v2.2.4/go.mod h1:hI93XBmqTisBFMUTm0b8Fm+jr3Dg1NNxqwp+5A1VGuI=
gopkg.in/yaml.v2 v2.3.0 h1:clyUAQHOM3G0M3f5vQj7LuJrETvjVot3Z5el9nffUtU=
gopkg.in/yaml.v2 v2.3.0/go.mod h1:hI93XBmqTisBFMUTm0b8Fm+jr3Dg1NNxqwp+5A1VGuI=
