github.com/EXCCoin/base58 v0.0.0-20180515090142-e1a805ee5d9f h1:ucGdoqYaaO8y9CF/Vvyl+LXcOKdqOclw1YXe59HknY8=
github.com/EXCCoin/base58 v0.0.0-20180515090142-e1a805ee5d9f/go.mod h1:FWlYa+QpsFceLY9PQfQrt5R64DlCpuCoDmmZDtN78Q8=
github.com/EXCCoin/exccd/chaincfg/chainhash v0.0.0-20230211225306-d2f2c1c04ab7 h1:bz7td1opgtD7omorAlP711UdrkjsaNn8u5E8u7AVf34=
github.com/EXCCoin/exccd/chaincfg/chainhash v0.0.0-20230211225306-d2f2c1c04ab7/go.mod h1:TtjGhhFlbfS1fOTl7avuIUsHsGnBAytY+jCs9Ei45E8=
github.com/EXCCoin/exccd/chaincfg/v3 v3.0.0-20230211225306-d2f2c1c04ab7 h1:3o4l6FdD1G7upM5NFn8MFQTdQJWPwer/p58ixsEWt80=
github.com/EXCCoin/exccd/chaincfg/v3 v3.0.0-20230211225306-d2f2c1c04ab7/go.mod h1:qbWcZdaL4y+HgMVk1e+TpyE3rHyZNSToAaMyHRn9TWg=
github.com/EXCCoin/exccd/crypto/blake256 v0.0.0-20230211225306-d2f2c1c04ab7 h1:IOnMj+Q8+4XGM1cB+v3x7m6FWE1W9LSfDxls91D675U=
github.com/EXCCoin/exccd/crypto/blake256 v0.0.0-20230211225306-d2f2c1c04ab7/go.mod h1:gGGtDzi74jQyKPRjBKT/BSFoRbN33dmgNZgj8jgEFd0=
github.com/EXCCoin/exccd/crypto/ripemd160 v0.0.0-20230211225306-d2f2c1c04ab7 h1:x1X5br9R/d8Wd2RndMps7vfmh2lJUjlNRJ82g2wgTJw=
github.com/EXCCoin/exccd/crypto/ripemd160 v0.0.0-20230211225306-d2f2c1c04ab7/go.mod h1:aHqP29TIbaWgcd1DlDCVc+QZZqNE5n13C7BHXHiKS0M=
github.com/EXCCoin/exccd/dcrec v0.0.0-20230211225306-d2f2c1c04ab7 h1:zGYA6PKm29oAJWDvmVot7sSWLutzr/wFhYpqr8L1vcU=
github.com/EXCCoin/exccd/dcrec v0.0.0-20230211225306-d2f2c1c04ab7/go.mod h1:7rbiErKGJZ8XRgmcBzC09YLEBvSJAWMdxrBhW4WXI4w=
github.com/EXCCoin/exccd/dcrec/edwards/v2 v2.0.0-20230211225306-d2f2c1c04ab7 h1:syPzKfQ3wRPvkSaFrOEWPAYECFLf4xBxg2XJ6FCb1Es=
github.com/EXCCoin/exccd/dcrec/edwards/v2 v2.0.0-20230211225306-d2f2c1c04ab7/go.mod h1:MlNonvPYgC7ZU/N3xZdUwIxlr127qxOmqL4ag1Ft+AE=
github.com/EXCCoin/exccd/dcrec/secp256k1/v4 v4.0.0-20230211225306-d2f2c1c04ab7 h1:8KYeObzMyZZYIHYq7ZQ9cjgzE6mTHA+OM2oKX7fdiW8=
github.com/EXCCoin/exccd/dcrec/secp256k1/v4 v4.0.0-20230211225306-d2f2c1c04ab7/go.mod h1:JZpGOVIOQe+XBfwcc/OZMGCPkl7ZTxi3E5TT2GWri5s=
github.com/EXCCoin/exccd/lru v0.0.0-20230211225306-d2f2c1c04ab7 h1:aserkUK/GulUu8aSCCilMc4FtFpuFDQPPN4wnfFWPUM=
github.com/EXCCoin/exccd/lru v0.0.0-20230211225306-d2f2c1c04ab7/go.mod h1:+ie7yw1FJMFFjIBeCZFT5pjwlDt7fsGkl4MiNMNNgaU=
github.com/EXCCoin/exccd/txscript/v4 v4.0.0-20230211225306-d2f2c1c04ab7 h1:IjDN7z8OBF7MCSe41BHu3O5lrk9eCJtNWWIHSxErQi8=
github.com/EXCCoin/exccd/txscript/v4 v4.0.0-20230211225306-d2f2c1c04ab7/go.mod h1:uwHzVSsqy6pHCawMW8PjLYig7e3NGwFHqbLKXKluCkY=
github.com/EXCCoin/exccd/wire v0.0.0-20230211225306-d2f2c1c04ab7 h1:XAWS3kWKOocC1PT9Atpz7U6AzSrNOUkTEEJjS1XMPM8=
github.com/EXCCoin/exccd/wire v0.0.0-20230211225306-d2f2c1c04ab7/go.mod h1:t749GfscEfBEITr5QKVVWH8Fgfg3VD4vYzMSDdBsg7Y=
github.com/agl/ed25519 v0.0.0-20170116200512-5312a6153412 h1:w1UutsfOrms1J05zt7ISrnJIXKzwaspym5BTKGx93EI=
github.com/agl/ed25519 v0.0.0-20170116200512-5312a6153412/go.mod h1:WPjqKcmVOxf0XSf3YxCJs6N6AOSrOx3obionmG7T0y0=
github.com/davecgh/go-spew v1.1.1 h1:vj9j/u1bqnvCEfJOwUhtlOARqs3+rkHYY13jYWTU97c=
github.com/davecgh/go-spew v1.1.1/go.mod h1:J7Y8YcW2NihsgmVo/mv3lAwl/skON4iLHjSsI+c5H38=
github.com/dchest/siphash v1.2.3 h1:QXwFc8cFOR2dSa/gE6o/HokBMWtLUaNDVd+22aKHeEA=
github.com/dchest/siphash v1.2.3/go.mod h1:0NvQU092bT0ipiFN++/rXm69QG9tVxLAlQHIXMPAkHc=
github.com/decred/go-socks v1.1.0 h1:dnENcc0KIqQo3HSXdgboXAHgqsCIutkqq6ntQjYtm2U=
github.com/decred/go-socks v1.1.0/go.mod h1:sDhHqkZH0X4JjSa02oYOGhcGHYp12FsY1jQ/meV8md0=
github.com/decred/slog v1.2.0 h1:soHAxV52B54Di3WtKLfPum9OFfWqwtf/ygf9njdfnPM=
github.com/decred/slog v1.2.0/go.mod h1:kVXlGnt6DHy2fV5OjSeuvCJ0OmlmTF6LFpEPMu/fOY0=
