github.com/EXCCoin/exccd v0.0.0-20230211225306-d2f2c1c04ab7 h1:nqGidQKCtG1vq6AEogFFZI1XhRI+q4Rw5dpk+RXkK+M=
github.com/EXCCoin/exccd v0.0.0-20230211225306-d2f2c1c04ab7/go.mod h1:I7lcHtVb4/mf8BE02F58B73asYA05ECH+gvCKHi0upQ=
github.com/EXCCoin/exccd/chaincfg/chainhash v0.0.0-20230211225306-d2f2c1c04ab7 h1:bz7td1opgtD7omorAlP711UdrkjsaNn8u5E8u7AVf34=
github.com/EXCCoin/exccd/chaincfg/chainhash v0.0.0-20230211225306-d2f2c1c04ab7/go.mod h1:TtjGhhFlbfS1fOTl7avuIUsHsGnBAytY+jCs9Ei45E8=
github.com/EXCCoin/exccd/chaincfg/v3 v3.0.0-20230211225306-d2f2c1c04ab7 h1:3o4l6FdD1G7upM5NFn8MFQTdQJWPwer/p58ixsEWt80=
github.com/EXCCoin/exccd/chaincfg/v3 v3.0.0-20230211225306-d2f2c1c04ab7/go.mod h1:qbWcZdaL4y+HgMVk1e+TpyE3rHyZNSToAaMyHRn9TWg=
github.com/EXCCoin/exccd/wire v0.0.0-20230211225306-d2f2c1c04ab7 h1:XAWS3kWKOocC1PT9Atpz7U6AzSrNOUkTEEJjS1XMPM8=
github.com/EXCCoin/exccd/wire v0.0.0-20230211225306-d2f2c1c04ab7/go.mod h1:t749GfscEfBEITr5QKVVWH8Fgfg3VD4vYzMSDdBsg7Y=
github.com/davecgh/go-spew v1.1.1 h1:vj9j/u1bqnvCEfJOwUhtlOARqs3+rkHYY13jYWTU97c=
github.com/davecgh/go-spew v1.1.1/go.mod h1:J7Y8YcW2NihsgmVo/mv3lAwl/skON4iLHjSsI+c5H38=
github.com/mattn/go-pointer v0.0.1 h1:n+XhsuGeVO6MEAp7xyEukFINEa+Quek5psIR/ylA6o0=
github.com/mattn/go-pointer v0.0.1/go.mod h1:2zXcozF6qYGgmsG+SeTZz3oAbFLdD3OWqnUbNvJZAlc=
